
Microsoft Visual Studio Solution File, Format Version 12.00
# Visual Studio Version 17
VisualStudioVersion = 17.11.35222.181
MinimumVisualStudioVersion = 10.0.40219.1
Project("{FAE04EC0-301F-11D3-BF4B-00C04F79EFBC}") = "CompanySystem", "OOPsimpleproject\CompanySystem.csproj", "{5DBCD9FE-208A-478E-8E80-13B7681D76A9}"
EndProject
Global
	GlobalSection(SolutionConfigurationPlatforms) = preSolution
		Debug|Any CPU = Debug|Any CPU
		Release|Any CPU = Release|Any CPU
	EndGlobalSection
	GlobalSection(ProjectConfigurationPlatforms) = postSolution
		{5DBCD9FE-208A-478E-8E80-13B7681D76A9}.Debug|Any CPU.ActiveCfg = Debug|Any CPU
		{5DBCD9FE-208A-478E-8E80-13B7681D76A9}.Debug|Any CPU.Build.0 = Debug|Any CPU
		{5DBCD9FE-208A-478E-8E80-13B7681D76A9}.Release|Any CPU.ActiveCfg = Release|Any CPU
		{5DBCD9FE-208A-478E-8E80-13B7681D76A9}.Release|Any CPU.Build.0 = Release|Any CPU
	EndGlobalSection
	GlobalSection(SolutionProperties) = preSolution
		HideSolutionNode = FALSE
	EndGlobalSection
	GlobalSection(ExtensibilityGlobals) = postSolution
		SolutionGuid = {0A18D695-BB04-4B75-B89F-288270502D63}
	EndGlobalSection
EndGlobal
